
Microsoft Visual Studio Solution File, Format Version 12.00
# Visual Studio Version 17
VisualStudioVersion = 17.9.34728.123
MinimumVisualStudioVersion = 10.0.40219.1
Project("{FAE04EC0-301F-11D3-BF4B-00C04F79EFBC}") = "AndriiBalakhtinConsoleApp", "AndriiBalakhtinConsoleApp\AndriiBalakhtinConsoleApp.csproj", "{9485989A-FA88-443E-B175-538398F5AEE3}"
EndProject
Global
	GlobalSection(SolutionConfigurationPlatforms) = preSolution
		Debug|Any CPU = Debug|Any CPU
		Release|Any CPU = Release|Any CPU
	EndGlobalSection
	GlobalSection(ProjectConfigurationPlatforms) = postSolution
		{9485989A-FA88-443E-B175-538398F5AEE3}.Debug|Any CPU.ActiveCfg = Debug|Any CPU
		{9485989A-FA88-443E-B175-538398F5AEE3}.Debug|Any CPU.Build.0 = Debug|Any CPU
		{9485989A-FA88-443E-B175-538398F5AEE3}.Release|Any CPU.ActiveCfg = Release|Any CPU
		{9485989A-FA88-443E-B175-538398F5AEE3}.Release|Any CPU.Build.0 = Release|Any CPU
	EndGlobalSection
	GlobalSection(SolutionProperties) = preSolution
		HideSolutionNode = FALSE
	EndGlobalSection
	GlobalSection(ExtensibilityGlobals) = postSolution
		SolutionGuid = {213C26D2-9862-44AA-B9CE-F63EFFFEF8A3}
	EndGlobalSection
EndGlobal
